
Microsoft Visual Studio Solution File, Format Version 12.00
# Visual Studio Version 17
VisualStudioVersion = 17.6.33829.357
MinimumVisualStudioVersion = 10.0.40219.1
Project("{FAE04EC0-301F-11D3-BF4B-00C04F79EFBC}") = "HOLA", "HOLA.csproj", "{9C148A28-51A6-4B84-98F9-1DE3A366E895}"
EndProject
Global
	GlobalSection(SolutionConfigurationPlatforms) = preSolution
		Debug|Any CPU = Debug|Any CPU
		Release|Any CPU = Release|Any CPU
	EndGlobalSection
	GlobalSection(ProjectConfigurationPlatforms) = postSolution
		{9C148A28-51A6-4B84-98F9-1DE3A366E895}.Debug|Any CPU.ActiveCfg = Debug|Any CPU
		{9C148A28-51A6-4B84-98F9-1DE3A366E895}.Debug|Any CPU.Build.0 = Debug|Any CPU
		{9C148A28-51A6-4B84-98F9-1DE3A366E895}.Release|Any CPU.ActiveCfg = Release|Any CPU
		{9C148A28-51A6-4B84-98F9-1DE3A366E895}.Release|Any CPU.Build.0 = Release|Any CPU
	EndGlobalSection
	GlobalSection(SolutionProperties) = preSolution
		HideSolutionNode = FALSE
	EndGlobalSection
	GlobalSection(ExtensibilityGlobals) = postSolution
		SolutionGuid = {B242F050-6496-4E94-B830-141F168231F5}
	EndGlobalSection
EndGlobal
